
Microsoft Visual Studio Solution File, Format Version 12.00
# Visual Studio Version 16
VisualStudioVersion = 16.0.30621.155
MinimumVisualStudioVersion = 10.0.40219.1
Project("{FAE04EC0-301F-11D3-BF4B-00C04F79EFBC}") = "GameOfLifeState", "GameOfLifeState\GameOfLifeState.csproj", "{89876894-D8F2-481E-83B1-0C3F64C18981}"
EndProject
Global
	GlobalSection(SolutionConfigurationPlatforms) = preSolution
		Debug|Any CPU = Debug|Any CPU
		Release|Any CPU = Release|Any CPU
	EndGlobalSection
	GlobalSection(ProjectConfigurationPlatforms) = postSolution
		{89876894-D8F2-481E-83B1-0C3F64C18981}.Debug|Any CPU.ActiveCfg = Debug|Any CPU
		{89876894-D8F2-481E-83B1-0C3F64C18981}.Debug|Any CPU.Build.0 = Debug|Any CPU
		{89876894-D8F2-481E-83B1-0C3F64C18981}.Release|Any CPU.ActiveCfg = Release|Any CPU
		{89876894-D8F2-481E-83B1-0C3F64C18981}.Release|Any CPU.Build.0 = Release|Any CPU
	EndGlobalSection
	GlobalSection(SolutionProperties) = preSolution
		HideSolutionNode = FALSE
	EndGlobalSection
	GlobalSection(ExtensibilityGlobals) = postSolution
		SolutionGuid = {A44257B5-5009-4682-9CE0-9C81C4ECD8FA}
	EndGlobalSection
EndGlobal
